
Microsoft Visual Studio Solution File, Format Version 12.00
# Visual Studio Version 16
VisualStudioVersion = 16.0.31205.134
MinimumVisualStudioVersion = 10.0.40219.1
Project("{9A19103F-16F7-4668-BE54-9A1E7A4F7556}") = "ImpsersonationDemo", "impsersonationDemo\ImpsersonationDemo.csproj", "{BF1DB2C4-80B6-4AE3-A19F-9524079E3619}"
EndProject
Global
	GlobalSection(SolutionConfigurationPlatforms) = preSolution
		Debug|Any CPU = Debug|Any CPU
		Release|Any CPU = Release|Any CPU
	EndGlobalSection
	GlobalSection(ProjectConfigurationPlatforms) = postSolution
		{BF1DB2C4-80B6-4AE3-A19F-9524079E3619}.Debug|Any CPU.ActiveCfg = Debug|Any CPU
		{BF1DB2C4-80B6-4AE3-A19F-9524079E3619}.Debug|Any CPU.Build.0 = Debug|Any CPU
		{BF1DB2C4-80B6-4AE3-A19F-9524079E3619}.Release|Any CPU.ActiveCfg = Release|Any CPU
		{BF1DB2C4-80B6-4AE3-A19F-9524079E3619}.Release|Any CPU.Build.0 = Release|Any CPU
	EndGlobalSection
	GlobalSection(SolutionProperties) = preSolution
		HideSolutionNode = FALSE
	EndGlobalSection
	GlobalSection(ExtensibilityGlobals) = postSolution
		SolutionGuid = {318370B3-DDC4-4DBA-9322-140103C9B007}
	EndGlobalSection
EndGlobal
